// !$*UTF8*$!
{
	archiveVersion = 1;
	classes = {
	};
	objectVersion = 56;
	objects = {

/* Begin PBXBuildFile section */
		C22CBB882AB1BE3400DAC347 /* AppDelegate.swift in Sources */ = {isa = PBXBuildFile; fileRef = C22CBB872AB1BE3400DAC347 /* AppDelegate.swift */; };
		C22CBB8A2AB1BE3400DAC347 /* SceneDelegate.swift in Sources */ = {isa = PBXBuildFile; fileRef = C22CBB892AB1BE3400DAC347 /* SceneDelegate.swift */; };
		C22CBB8C2AB1BE3400DAC347 /* ViewController.swift in Sources */ = {isa = PBXBuildFile; fileRef = C22CBB8B2AB1BE3400DAC347 /* ViewController.swift */; };
		C22CBB8F2AB1BE3400DAC347 /* Main.storyboard in Resources */ = {isa = PBXBuildFile; fileRef = C22CBB8D2AB1BE3400DAC347 /* Main.storyboard */; };
		C22CBB912AB1BE3500DAC347 /* Assets.xcassets in Resources */ = {isa = PBXBuildFile; fileRef = C22CBB902AB1BE3500DAC347 /* Assets.xcassets */; };
		C22CBB942AB1BE3500DAC347 /* LaunchScreen.storyboard in Resources */ = {isa = PBXBuildFile; fileRef = C22CBB922AB1BE3500DAC347 /* LaunchScreen.storyboard */; };
		C22CBB9F2AB1BE3500DAC347 /* Lloyds_ExerciseTests.swift in Sources */ = {isa = PBXBuildFile; fileRef = C22CBB9E2AB1BE3500DAC347 /* Lloyds_ExerciseTests.swift */; };
		C22CBBA92AB1BE3500DAC347 /* Lloyds_ExerciseUITests.swift in Sources */ = {isa = PBXBuildFile; fileRef = C22CBBA82AB1BE3500DAC347 /* Lloyds_ExerciseUITests.swift */; };
		C22CBBAB2AB1BE3500DAC347 /* Lloyds_ExerciseUITestsLaunchTests.swift in Sources */ = {isa = PBXBuildFile; fileRef = C22CBBAA2AB1BE3500DAC347 /* Lloyds_ExerciseUITestsLaunchTests.swift */; };
/* End PBXBuildFile section */

/* Begin PBXContainerItemProxy section */
		C22CBB9B2AB1BE3500DAC347 /* PBXContainerItemProxy */ = {
			isa = PBXContainerItemProxy;
			containerPortal = C22CBB7C2AB1BE3400DAC347 /* Project object */;
			proxyType = 1;
			remoteGlobalIDString = C22CBB832AB1BE3400DAC347;
			remoteInfo = "Lloyds-Exercise";
		};
		C22CBBA52AB1BE3500DAC347 /* PBXContainerItemProxy */ = {
			isa = PBXContainerItemProxy;
			containerPortal = C22CBB7C2AB1BE3400DAC347 /* Project object */;
			proxyType = 1;
			remoteGlobalIDString = C22CBB832AB1BE3400DAC347;
			remoteInfo = "Lloyds-Exercise";
		};
/* End PBXContainerItemProxy section */

/* Begin PBXFileReference section */
		C22CBB842AB1BE3400DAC347 /* Lloyds-Exercise.app */ = {isa = PBXFileReference; explicitFileType = wrapper.application; includeInIndex = 0; path = "Lloyds-Exercise.app"; sourceTree = BUILT_PRODUCTS_DIR; };
		C22CBB872AB1BE3400DAC347 /* AppDelegate.swift */ = {isa = PBXFileReference; lastKnownFileType = sourcecode.swift; path = AppDelegate.swift; sourceTree = "<group>"; };
		C22CBB892AB1BE3400DAC347 /* SceneDelegate.swift */ = {isa = PBXFileReference; lastKnownFileType = sourcecode.swift; path = SceneDelegate.swift; sourceTree = "<group>"; };
		C22CBB8B2AB1BE3400DAC347 /* ViewController.swift */ = {isa = PBXFileReference; lastKnownFileType = sourcecode.swift; path = ViewController.swift; sourceTree = "<group>"; };
		C22CBB8E2AB1BE3400DAC347 /* Base */ = {isa = PBXFileReference; lastKnownFileType = file.storyboard; name = Base; path = Base.lproj/Main.storyboard; sourceTree = "<group>"; };
		C22CBB902AB1BE3500DAC347 /* Assets.xcassets */ = {isa = PBXFileReference; lastKnownFileType = folder.assetcatalog; path = Assets.xcassets; sourceTree = "<group>"; };
		C22CBB932AB1BE3500DAC347 /* Base */ = {isa = PBXFileReference; lastKnownFileType = file.storyboard; name = Base; path = Base.lproj/LaunchScreen.storyboard; sourceTree = "<group>"; };
		C22CBB952AB1BE3500DAC347 /* Info.plist */ = {isa = PBXFileReference; lastKnownFileType = text.plist.xml; path = Info.plist; sourceTree = "<group>"; };
		C22CBB9A2AB1BE3500DAC347 /* Lloyds-ExerciseTests.xctest */ = {isa = PBXFileReference; explicitFileType = wrapper.cfbundle; includeInIndex = 0; path = "Lloyds-ExerciseTests.xctest"; sourceTree = BUILT_PRODUCTS_DIR; };
		C22CBB9E2AB1BE3500DAC347 /* Lloyds_ExerciseTests.swift */ = {isa = PBXFileReference; lastKnownFileType = sourcecode.swift; path = Lloyds_ExerciseTests.swift; sourceTree = "<group>"; };
		C22CBBA42AB1BE3500DAC347 /* Lloyds-ExerciseUITests.xctest */ = {isa = PBXFileReference; explicitFileType = wrapper.cfbundle; includeInIndex = 0; path = "Lloyds-ExerciseUITests.xctest"; sourceTree = BUILT_PRODUCTS_DIR; };
		C22CBBA82AB1BE3500DAC347 /* Lloyds_ExerciseUITests.swift */ = {isa = PBXFileReference; lastKnownFileType = sourcecode.swift; path = Lloyds_ExerciseUITests.swift; sourceTree = "<group>"; };
		C22CBBAA2AB1BE3500DAC347 /* Lloyds_ExerciseUITestsLaunchTests.swift */ = {isa = PBXFileReference; lastKnownFileType = sourcecode.swift; path = Lloyds_ExerciseUITestsLaunchTests.swift; sourceTree = "<group>"; };
/* End PBXFileReference section */

/* Begin PBXFrameworksBuildPhase section */
		C22CBB812AB1BE3400DAC347 /* Frameworks */ = {
			isa = PBXFrameworksBuildPhase;
			buildActionMask = 2147483647;
			files = (
			);
			runOnlyForDeploymentPostprocessing = 0;
		};
		C22CBB972AB1BE3500DAC347 /* Frameworks */ = {
			isa = PBXFrameworksBuildPhase;
			buildActionMask = 2147483647;
			files = (
			);
			runOnlyForDeploymentPostprocessing = 0;
		};
		C22CBBA12AB1BE3500DAC347 /* Frameworks */ = {
			isa = PBXFrameworksBuildPhase;
			buildActionMask = 2147483647;
			files = (
			);
			runOnlyForDeploymentPostprocessing = 0;
		};
/* End PBXFrameworksBuildPhase section */

/* Begin PBXGroup section */
		C22CBB7B2AB1BE3400DAC347 = {
			isa = PBXGroup;
			children = (
				C22CBB862AB1BE3400DAC347 /* Lloyds-Exercise */,
				C22CBB9D2AB1BE3500DAC347 /* Lloyds-ExerciseTests */,
				C22CBBA72AB1BE3500DAC347 /* Lloyds-ExerciseUITests */,
				C22CBB852AB1BE3400DAC347 /* Products */,
			);
			sourceTree = "<group>";
		};
		C22CBB852AB1BE3400DAC347 /* Products */ = {
			isa = PBXGroup;
			children = (
				C22CBB842AB1BE3400DAC347 /* Lloyds-Exercise.app */,
				C22CBB9A2AB1BE3500DAC347 /* Lloyds-ExerciseTests.xctest */,
				C22CBBA42AB1BE3500DAC347 /* Lloyds-ExerciseUITests.xctest */,
			);
			name = Products;
			sourceTree = "<group>";
		};
		C22CBB862AB1BE3400DAC347 /* Lloyds-Exercise */ = {
			isa = PBXGroup;
			children = (
				C22CBB872AB1BE3400DAC347 /* AppDelegate.swift */,
				C22CBB892AB1BE3400DAC347 /* SceneDelegate.swift */,
				C22CBB8B2AB1BE3400DAC347 /* ViewController.swift */,
				C22CBB8D2AB1BE3400DAC347 /* Main.storyboard */,
				C22CBB902AB1BE3500DAC347 /* Assets.xcassets */,
				C22CBB922AB1BE3500DAC347 /* LaunchScreen.storyboard */,
				C22CBB952AB1BE3500DAC347 /* Info.plist */,
			);
			path = "Lloyds-Exercise";
			sourceTree = "<group>";
		};
		C22CBB9D2AB1BE3500DAC347 /* Lloyds-ExerciseTests */ = {
			isa = PBXGroup;
			children = (
				C22CBB9E2AB1BE3500DAC347 /* Lloyds_ExerciseTests.swift */,
			);
			path = "Lloyds-ExerciseTests";
			sourceTree = "<group>";
		};
		C22CBBA72AB1BE3500DAC347 /* Lloyds-ExerciseUITests */ = {
			isa = PBXGroup;
			children = (
				C22CBBA82AB1BE3500DAC347 /* Lloyds_ExerciseUITests.swift */,
				C22CBBAA2AB1BE3500DAC347 /* Lloyds_ExerciseUITestsLaunchTests.swift */,
			);
			path = "Lloyds-ExerciseUITests";
			sourceTree = "<group>";
		};
/* End PBXGroup section */

/* Begin PBXNativeTarget section */
		C22CBB832AB1BE3400DAC347 /* Lloyds-Exercise */ = {
			isa = PBXNativeTarget;
			buildConfigurationList = C22CBBAE2AB1BE3500DAC347 /* Build configuration list for PBXNativeTarget "Lloyds-Exercise" */;
			buildPhases = (
				C22CBB802AB1BE3400DAC347 /* Sources */,
				C22CBB812AB1BE3400DAC347 /* Frameworks */,
				C22CBB822AB1BE3400DAC347 /* Resources */,
			);
			buildRules = (
			);
			dependencies = (
			);
			name = "Lloyds-Exercise";
			productName = "Lloyds-Exercise";
			productReference = C22CBB842AB1BE3400DAC347 /* Lloyds-Exercise.app */;
			productType = "com.apple.product-type.application";
		};
		C22CBB992AB1BE3500DAC347 /* Lloyds-ExerciseTests */ = {
			isa = PBXNativeTarget;
			buildConfigurationList = C22CBBB12AB1BE3500DAC347 /* Build configuration list for PBXNativeTarget "Lloyds-ExerciseTests" */;
			buildPhases = (
				C22CBB962AB1BE3500DAC347 /* Sources */,
				C22CBB972AB1BE3500DAC347 /* Frameworks */,
				C22CBB982AB1BE3500DAC347 /* Resources */,
			);
			buildRules = (
			);
			dependencies = (
				C22CBB9C2AB1BE3500DAC347 /* PBXTargetDependency */,
			);
			name = "Lloyds-ExerciseTests";
			productName = "Lloyds-ExerciseTests";
			productReference = C22CBB9A2AB1BE3500DAC347 /* Lloyds-ExerciseTests.xctest */;
			productType = "com.apple.product-type.bundle.unit-test";
		};
		C22CBBA32AB1BE3500DAC347 /* Lloyds-ExerciseUITests */ = {
			isa = PBXNativeTarget;
			buildConfigurationList = C22CBBB42AB1BE3500DAC347 /* Build configuration list for PBXNativeTarget "Lloyds-ExerciseUITests" */;
			buildPhases = (
				C22CBBA02AB1BE3500DAC347 /* Sources */,
				C22CBBA12AB1BE3500DAC347 /* Frameworks */,
				C22CBBA22AB1BE3500DAC347 /* Resources */,
			);
			buildRules = (
			);
			dependencies = (
				C22CBBA62AB1BE3500DAC347 /* PBXTargetDependency */,
			);
			name = "Lloyds-ExerciseUITests";
			productName = "Lloyds-ExerciseUITests";
			productReference = C22CBBA42AB1BE3500DAC347 /* Lloyds-ExerciseUITests.xctest */;
			productType = "com.apple.product-type.bundle.ui-testing";
		};
/* End PBXNativeTarget section */

/* Begin PBXProject section */
		C22CBB7C2AB1BE3400DAC347 /* Project object */ = {
			isa = PBXProject;
			attributes = {
				BuildIndependentTargetsInParallel = 1;
				LastSwiftUpdateCheck = 1430;
				LastUpgradeCheck = 1430;
				TargetAttributes = {
					C22CBB832AB1BE3400DAC347 = {
						CreatedOnToolsVersion = 14.3;
					};
					C22CBB992AB1BE3500DAC347 = {
						CreatedOnToolsVersion = 14.3;
						TestTargetID = C22CBB832AB1BE3400DAC347;
					};
					C22CBBA32AB1BE3500DAC347 = {
						CreatedOnToolsVersion = 14.3;
						TestTargetID = C22CBB832AB1BE3400DAC347;
					};
				};
			};
			buildConfigurationList = C22CBB7F2AB1BE3400DAC347 /* Build configuration list for PBXProject "Lloyds-Exercise" */;
			compatibilityVersion = "Xcode 14.0";
			developmentRegion = en;
			hasScannedForEncodings = 0;
			knownRegions = (
				en,
				Base,
			);
			mainGroup = C22CBB7B2AB1BE3400DAC347;
			productRefGroup = C22CBB852AB1BE3400DAC347 /* Products */;
			projectDirPath = "";
			projectRoot = "";
			targets = (
				C22CBB832AB1BE3400DAC347 /* Lloyds-Exercise */,
				C22CBB992AB1BE3500DAC347 /* Lloyds-ExerciseTests */,
				C22CBBA32AB1BE3500DAC347 /* Lloyds-ExerciseUITests */,
			);
		};
/* End PBXProject section */

/* Begin PBXResourcesBuildPhase section */
		C22CBB822AB1BE3400DAC347 /* Resources */ = {
			isa = PBXResourcesBuildPhase;
			buildActionMask = 2147483647;
			files = (
				C22CBB942AB1BE3500DAC347 /* LaunchScreen.storyboard in Resources */,
				C22CBB912AB1BE3500DAC347 /* Assets.xcassets in Resources */,
				C22CBB8F2AB1BE3400DAC347 /* Main.storyboard in Resources */,
			);
			runOnlyForDeploymentPostprocessing = 0;
		};
		C22CBB982AB1BE3500DAC347 /* Resources */ = {
			isa = PBXResourcesBuildPhase;
			buildActionMask = 2147483647;
			files = (
			);
			runOnlyForDeploymentPostprocessing = 0;
		};
		C22CBBA22AB1BE3500DAC347 /* Resources */ = {
			isa = PBXResourcesBuildPhase;
			buildActionMask = 2147483647;
			files = (
			);
			runOnlyForDeploymentPostprocessing = 0;
		};
/* End PBXResourcesBuildPhase section */

/* Begin PBXSourcesBuildPhase section */
		C22CBB802AB1BE3400DAC347 /* Sources */ = {
			isa = PBXSourcesBuildPhase;
			buildActionMask = 2147483647;
			files = (
				C22CBB8C2AB1BE3400DAC347 /* ViewController.swift in Sources */,
				C22CBB882AB1BE3400DAC347 /* AppDelegate.swift in Sources */,
				C22CBB8A2AB1BE3400DAC347 /* SceneDelegate.swift in Sources */,
			);
			runOnlyForDeploymentPostprocessing = 0;
		};
		C22CBB962AB1BE3500DAC347 /* Sources */ = {
			isa = PBXSourcesBuildPhase;
			buildActionMask = 2147483647;
			files = (
				C22CBB9F2AB1BE3500DAC347 /* Lloyds_ExerciseTests.swift in Sources */,
			);
			runOnlyForDeploymentPostprocessing = 0;
		};
		C22CBBA02AB1BE3500DAC347 /* Sources */ = {
			isa = PBXSourcesBuildPhase;
			buildActionMask = 2147483647;
			files = (
				C22CBBA92AB1BE3500DAC347 /* Lloyds_ExerciseUITests.swift in Sources */,
				C22CBBAB2AB1BE3500DAC347 /* Lloyds_ExerciseUITestsLaunchTests.swift in Sources */,
			);
			runOnlyForDeploymentPostprocessing = 0;
		};
/* End PBXSourcesBuildPhase section */

/* Begin PBXTargetDependency section */
		C22CBB9C2AB1BE3500DAC347 /* PBXTargetDependency */ = {
			isa = PBXTargetDependency;
			target = C22CBB832AB1BE3400DAC347 /* Lloyds-Exercise */;
			targetProxy = C22CBB9B2AB1BE3500DAC347 /* PBXContainerItemProxy */;
		};
		C22CBBA62AB1BE3500DAC347 /* PBXTargetDependency */ = {
			isa = PBXTargetDependency;
			target = C22CBB832AB1BE3400DAC347 /* Lloyds-Exercise */;
			targetProxy = C22CBBA52AB1BE3500DAC347 /* PBXContainerItemProxy */;
		};
/* End PBXTargetDependency section */

/* Begin PBXVariantGroup section */
		C22CBB8D2AB1BE3400DAC347 /* Main.storyboard */ = {
			isa = PBXVariantGroup;
			children = (
				C22CBB8E2AB1BE3400DAC347 /* Base */,
			);
			name = Main.storyboard;
			sourceTree = "<group>";
		};
		C22CBB922AB1BE3500DAC347 /* LaunchScreen.storyboard */ = {
			isa = PBXVariantGroup;
			children = (
				C22CBB932AB1BE3500DAC347 /* Base */,
			);
			name = LaunchScreen.storyboard;
			sourceTree = "<group>";
		};
/* End PBXVariantGroup section */

/* Begin XCBuildConfiguration section */
		C22CBBAC2AB1BE3500DAC347 /* Debug */ = {
			isa = XCBuildConfiguration;
			buildSettings = {
				ALWAYS_SEARCH_USER_PATHS = NO;
				CLANG_ANALYZER_NONNULL = YES;
				CLANG_ANALYZER_NUMBER_OBJECT_CONVERSION = YES_AGGRESSIVE;
				CLANG_CXX_LANGUAGE_STANDARD = "gnu++20";
				CLANG_ENABLE_MODULES = YES;
				CLANG_ENABLE_OBJC_ARC = YES;
				CLANG_ENABLE_OBJC_WEAK = YES;
				CLANG_WARN_BLOCK_CAPTURE_AUTORELEASING = YES;
				CLANG_WARN_BOOL_CONVERSION = YES;
				CLANG_WARN_COMMA = YES;
				CLANG_WARN_CONSTANT_CONVERSION = YES;
				CLANG_WARN_DEPRECATED_OBJC_IMPLEMENTATIONS = YES;
				CLANG_WARN_DIRECT_OBJC_ISA_USAGE = YES_ERROR;
				CLANG_WARN_DOCUMENTATION_COMMENTS = YES;
				CLANG_WARN_EMPTY_BODY = YES;
				CLANG_WARN_ENUM_CONVERSION = YES;
				CLANG_WARN_INFINITE_RECURSION = YES;
				CLANG_WARN_INT_CONVERSION = YES;
				CLANG_WARN_NON_LITERAL_NULL_CONVERSION = YES;
				CLANG_WARN_OBJC_IMPLICIT_RETAIN_SELF = YES;
				CLANG_WARN_OBJC_LITERAL_CONVERSION = YES;
				CLANG_WARN_OBJC_ROOT_CLASS = YES_ERROR;
				CLANG_WARN_QUOTED_INCLUDE_IN_FRAMEWORK_HEADER = YES;
				CLANG_WARN_RANGE_LOOP_ANALYSIS = YES;
				CLANG_WARN_STRICT_PROTOTYPES = YES;
				CLANG_WARN_SUSPICIOUS_MOVE = YES;
				CLANG_WARN_UNGUARDED_AVAILABILITY = YES_AGGRESSIVE;
				CLANG_WARN_UNREACHABLE_CODE = YES;
				CLANG_WARN__DUPLICATE_METHOD_MATCH = YES;
				COPY_PHASE_STRIP = NO;
				DEBUG_INFORMATION_FORMAT = dwarf;
				ENABLE_STRICT_OBJC_MSGSEND = YES;
				ENABLE_TESTABILITY = YES;
				GCC_C_LANGUAGE_STANDARD = gnu11;
				GCC_DYNAMIC_NO_PIC = NO;
				GCC_NO_COMMON_BLOCKS = YES;
				GCC_OPTIMIZATION_LEVEL = 0;
				GCC_PREPROCESSOR_DEFINITIONS = (
					"DEBUG=1",
					"$(inherited)",
				);
				GCC_WARN_64_TO_32_BIT_CONVERSION = YES;
				GCC_WARN_ABOUT_RETURN_TYPE = YES_ERROR;
				GCC_WARN_UNDECLARED_SELECTOR = YES;
				GCC_WARN_UNINITIALIZED_AUTOS = YES_AGGRESSIVE;
				GCC_WARN_UNUSED_FUNCTION = YES;
				GCC_WARN_UNUSED_VARIABLE = YES;
				IPHONEOS_DEPLOYMENT_TARGET = 16.4;
				MTL_ENABLE_DEBUG_INFO = INCLUDE_SOURCE;
				MTL_FAST_MATH = YES;
				ONLY_ACTIVE_ARCH = YES;
				SDKROOT = iphoneos;
				SWIFT_ACTIVE_COMPILATION_CONDITIONS = DEBUG;
				SWIFT_OPTIMIZATION_LEVEL = "-Onone";
			};
			name = Debug;
		};
		C22CBBAD2AB1BE3500DAC347 /* Release */ = {
			isa = XCBuildConfiguration;
			buildSettings = {
				ALWAYS_SEARCH_USER_PATHS = NO;
				CLANG_ANALYZER_NONNULL = YES;
				CLANG_ANALYZER_NUMBER_OBJECT_CONVERSION = YES_AGGRESSIVE;
				CLANG_CXX_LANGUAGE_STANDARD = "gnu++20";
				CLANG_ENABLE_MODULES = YES;
				CLANG_ENABLE_OBJC_ARC = YES;
				CLANG_ENABLE_OBJC_WEAK = YES;
				CLANG_WARN_BLOCK_CAPTURE_AUTORELEASING = YES;
				CLANG_WARN_BOOL_CONVERSION = YES;
				CLANG_WARN_COMMA = YES;
				CLANG_WARN_CONSTANT_CONVERSION = YES;
				CLANG_WARN_DEPRECATED_OBJC_IMPLEMENTATIONS = YES;
				CLANG_WARN_DIRECT_OBJC_ISA_USAGE = YES_ERROR;
				CLANG_WARN_DOCUMENTATION_COMMENTS = YES;
				CLANG_WARN_EMPTY_BODY = YES;
				CLANG_WARN_ENUM_CONVERSION = YES;
				CLANG_WARN_INFINITE_RECURSION = YES;
				CLANG_WARN_INT_CONVERSION = YES;
				CLANG_WARN_NON_LITERAL_NULL_CONVERSION = YES;
				CLANG_WARN_OBJC_IMPLICIT_RETAIN_SELF = YES;
				CLANG_WARN_OBJC_LITERAL_CONVERSION = YES;
				CLANG_WARN_OBJC_ROOT_CLASS = YES_ERROR;
				CLANG_WARN_QUOTED_INCLUDE_IN_FRAMEWORK_HEADER = YES;
				CLANG_WARN_RANGE_LOOP_ANALYSIS = YES;
				CLANG_WARN_STRICT_PROTOTYPES = YES;
				CLANG_WARN_SUSPICIOUS_MOVE = YES;
				CLANG_WARN_UNGUARDED_AVAILABILITY = YES_AGGRESSIVE;
				CLANG_WARN_UNREACHABLE_CODE = YES;
				CLANG_WARN__DUPLICATE_METHOD_MATCH = YES;
				COPY_PHASE_STRIP = NO;
				DEBUG_INFORMATION_FORMAT = "dwarf-with-dsym";
				ENABLE_NS_ASSERTIONS = NO;
				ENABLE_STRICT_OBJC_MSGSEND = YES;
				GCC_C_LANGUAGE_STANDARD = gnu11;
				GCC_NO_COMMON_BLOCKS = YES;
				GCC_WARN_64_TO_32_BIT_CONVERSION = YES;
				GCC_WARN_ABOUT_RETURN_TYPE = YES_ERROR;
				GCC_WARN_UNDECLARED_SELECTOR = YES;
				GCC_WARN_UNINITIALIZED_AUTOS = YES_AGGRESSIVE;
				GCC_WARN_UNUSED_FUNCTION = YES;
				GCC_WARN_UNUSED_VARIABLE = YES;
				IPHONEOS_DEPLOYMENT_TARGET = 16.4;
				MTL_ENABLE_DEBUG_INFO = NO;
				MTL_FAST_MATH = YES;
				SDKROOT = iphoneos;
				SWIFT_COMPILATION_MODE = wholemodule;
				SWIFT_OPTIMIZATION_LEVEL = "-O";
				VALIDATE_PRODUCT = YES;
			};
			name = Release;
		};
		C22CBBAF2AB1BE3500DAC347 /* Debug */ = {
			isa = XCBuildConfiguration;
			buildSettings = {
				ASSETCATALOG_COMPILER_APPICON_NAME = AppIcon;
				ASSETCATALOG_COMPILER_GLOBAL_ACCENT_COLOR_NAME = AccentColor;
				CODE_SIGN_STYLE = Automatic;
				CURRENT_PROJECT_VERSION = 1;
				DEVELOPMENT_TEAM = 5688ZPZ5AV;
				GENERATE_INFOPLIST_FILE = YES;
				INFOPLIST_FILE = "Lloyds-Exercise/Info.plist";
				INFOPLIST_KEY_UIApplicationSupportsIndirectInputEvents = YES;
				INFOPLIST_KEY_UILaunchStoryboardName = LaunchScreen;
				INFOPLIST_KEY_UIMainStoryboardFile = Main;
				INFOPLIST_KEY_UISupportedInterfaceOrientations_iPad = "UIInterfaceOrientationPortrait UIInterfaceOrientationPortraitUpsideDown UIInterfaceOrientationLandscapeLeft UIInterfaceOrientationLandscapeRight";
				INFOPLIST_KEY_UISupportedInterfaceOrientations_iPhone = "UIInterfaceOrientationPortrait UIInterfaceOrientationLandscapeLeft UIInterfaceOrientationLandscapeRight";
				LD_RUNPATH_SEARCH_PATHS = (
					"$(inherited)",
					"@executable_path/Frameworks",
				);
				MARKETING_VERSION = 1.0;
				PRODUCT_BUNDLE_IDENTIFIER = "com.manjukiran.Lloyds-Exercise";
				PRODUCT_NAME = "$(TARGET_NAME)";
				SWIFT_EMIT_LOC_STRINGS = YES;
				SWIFT_VERSION = 5.0;
				TARGETED_DEVICE_FAMILY = "1,2";
			};
			name = Debug;
		};
		C22CBBB02AB1BE3500DAC347 /* Release */ = {
			isa = XCBuildConfiguration;
			buildSettings = {
				ASSETCATALOG_COMPILER_APPICON_NAME = AppIcon;
				ASSETCATALOG_COMPILER_GLOBAL_ACCENT_COLOR_NAME = AccentColor;
				CODE_SIGN_STYLE = Automatic;
				CURRENT_PROJECT_VERSION = 1;
				DEVELOPMENT_TEAM = 5688ZPZ5AV;
				GENERATE_INFOPLIST_FILE = YES;
				INFOPLIST_FILE = "Lloyds-Exercise/Info.plist";
				INFOPLIST_KEY_UIApplicationSupportsIndirectInputEvents = YES;
				INFOPLIST_KEY_UILaunchStoryboardName = LaunchScreen;
				INFOPLIST_KEY_UIMainStoryboardFile = Main;
				INFOPLIST_KEY_UISupportedInterfaceOrientations_iPad = "UIInterfaceOrientationPortrait UIInterfaceOrientationPortraitUpsideDown UIInterfaceOrientationLandscapeLeft UIInterfaceOrientationLandscapeRight";
				INFOPLIST_KEY_UISupportedInterfaceOrientations_iPhone = "UIInterfaceOrientationPortrait UIInterfaceOrientationLandscapeLeft UIInterfaceOrientationLandscapeRight";
				LD_RUNPATH_SEARCH_PATHS = (
					"$(inherited)",
					"@executable_path/Frameworks",
				);
				MARKETING_VERSION = 1.0;
				PRODUCT_BUNDLE_IDENTIFIER = "com.manjukiran.Lloyds-Exercise";
				PRODUCT_NAME = "$(TARGET_NAME)";
				SWIFT_EMIT_LOC_STRINGS = YES;
				SWIFT_VERSION = 5.0;
				TARGETED_DEVICE_FAMILY = "1,2";
			};
			name = Release;
		};
		C22CBBB22AB1BE3500DAC347 /* Debug */ = {
			isa = XCBuildConfiguration;
			buildSettings = {
				ALWAYS_EMBED_SWIFT_STANDARD_LIBRARIES = YES;
				BUNDLE_LOADER = "$(TEST_HOST)";
				CODE_SIGN_STYLE = Automatic;
				CURRENT_PROJECT_VERSION = 1;
				DEVELOPMENT_TEAM = 5688ZPZ5AV;
				GENERATE_INFOPLIST_FILE = YES;
				IPHONEOS_DEPLOYMENT_TARGET = 16.4;
				MARKETING_VERSION = 1.0;
				PRODUCT_BUNDLE_IDENTIFIER = "com.manjukiran.Lloyds-ExerciseTests";
				PRODUCT_NAME = "$(TARGET_NAME)";
				SWIFT_EMIT_LOC_STRINGS = NO;
				SWIFT_VERSION = 5.0;
				TARGETED_DEVICE_FAMILY = "1,2";
				TEST_HOST = "$(BUILT_PRODUCTS_DIR)/Lloyds-Exercise.app/$(BUNDLE_EXECUTABLE_FOLDER_PATH)/Lloyds-Exercise";
			};
			name = Debug;
		};
		C22CBBB32AB1BE3500DAC347 /* Release */ = {
			isa = XCBuildConfiguration;
			buildSettings = {
				ALWAYS_EMBED_SWIFT_STANDARD_LIBRARIES = YES;
				BUNDLE_LOADER = "$(TEST_HOST)";
				CODE_SIGN_STYLE = Automatic;
				CURRENT_PROJECT_VERSION = 1;
				DEVELOPMENT_TEAM = 5688ZPZ5AV;
				GENERATE_INFOPLIST_FILE = YES;
				IPHONEOS_DEPLOYMENT_TARGET = 16.4;
				MARKETING_VERSION = 1.0;
				PRODUCT_BUNDLE_IDENTIFIER = "com.manjukiran.Lloyds-ExerciseTests";
				PRODUCT_NAME = "$(TARGET_NAME)";
				SWIFT_EMIT_LOC_STRINGS = NO;
				SWIFT_VERSION = 5.0;
				TARGETED_DEVICE_FAMILY = "1,2";
				TEST_HOST = "$(BUILT_PRODUCTS_DIR)/Lloyds-Exercise.app/$(BUNDLE_EXECUTABLE_FOLDER_PATH)/Lloyds-Exercise";
			};
			name = Release;
		};
		C22CBBB52AB1BE3500DAC347 /* Debug */ = {
			isa = XCBuildConfiguration;
			buildSettings = {
				ALWAYS_EMBED_SWIFT_STANDARD_LIBRARIES = YES;
				CODE_SIGN_STYLE = Automatic;
				CURRENT_PROJECT_VERSION = 1;
				DEVELOPMENT_TEAM = 5688ZPZ5AV;
				GENERATE_INFOPLIST_FILE = YES;
				MARKETING_VERSION = 1.0;
				PRODUCT_BUNDLE_IDENTIFIER = "com.manjukiran.Lloyds-ExerciseUITests";
				PRODUCT_NAME = "$(TARGET_NAME)";
				SWIFT_EMIT_LOC_STRINGS = NO;
				SWIFT_VERSION = 5.0;
				TARGETED_DEVICE_FAMILY = "1,2";
				TEST_TARGET_NAME = "Lloyds-Exercise";
			};
			name = Debug;
		};
		C22CBBB62AB1BE3500DAC347 /* Release */ = {
			isa = XCBuildConfiguration;
			buildSettings = {
				ALWAYS_EMBED_SWIFT_STANDARD_LIBRARIES = YES;
				CODE_SIGN_STYLE = Automatic;
				CURRENT_PROJECT_VERSION = 1;
				DEVELOPMENT_TEAM = 5688ZPZ5AV;
				GENERATE_INFOPLIST_FILE = YES;
				MARKETING_VERSION = 1.0;
				PRODUCT_BUNDLE_IDENTIFIER = "com.manjukiran.Lloyds-ExerciseUITests";
				PRODUCT_NAME = "$(TARGET_NAME)";
				SWIFT_EMIT_LOC_STRINGS = NO;
				SWIFT_VERSION = 5.0;
				TARGETED_DEVICE_FAMILY = "1,2";
				TEST_TARGET_NAME = "Lloyds-Exercise";
			};
			name = Release;
		};
/* End XCBuildConfiguration section */

/* Begin XCConfigurationList section */
		C22CBB7F2AB1BE3400DAC347 /* Build configuration list for PBXProject "Lloyds-Exercise" */ = {
			isa = XCConfigurationList;
			buildConfigurations = (
				C22CBBAC2AB1BE3500DAC347 /* Debug */,
				C22CBBAD2AB1BE3500DAC347 /* Release */,
			);
			defaultConfigurationIsVisible = 0;
			defaultConfigurationName = Release;
		};
		C22CBBAE2AB1BE3500DAC347 /* Build configuration list for PBXNativeTarget "Lloyds-Exercise" */ = {
			isa = XCConfigurationList;
			buildConfigurations = (
				C22CBBAF2AB1BE3500DAC347 /* Debug */,
				C22CBBB02AB1BE3500DAC347 /* Release */,
			);
			defaultConfigurationIsVisible = 0;
			defaultConfigurationName = Release;
		};
		C22CBBB12AB1BE3500DAC347 /* Build configuration list for PBXNativeTarget "Lloyds-ExerciseTests" */ = {
			isa = XCConfigurationList;
			buildConfigurations = (
				C22CBBB22AB1BE3500DAC347 /* Debug */,
				C22CBBB32AB1BE3500DAC347 /* Release */,
			);
			defaultConfigurationIsVisible = 0;
			defaultConfigurationName = Release;
		};
		C22CBBB42AB1BE3500DAC347 /* Build configuration list for PBXNativeTarget "Lloyds-ExerciseUITests" */ = {
			isa = XCConfigurationList;
			buildConfigurations = (
				C22CBBB52AB1BE3500DAC347 /* Debug */,
				C22CBBB62AB1BE3500DAC347 /* Release */,
			);
			defaultConfigurationIsVisible = 0;
			defaultConfigurationName = Release;
		};
/* End XCConfigurationList section */
	};
	rootObject = C22CBB7C2AB1BE3400DAC347 /* Project object */;
}
